PODS:
  - DATAStack (5.4.1)
  - NSEntityDescription-SYNCPrimaryKey (1.2.4):
    - NSString-HYPNetworking (~> 1.0.3)
  - NSString-HYPNetworking (1.0.3)

DEPENDENCIES:
  - DATAStack
  - NSEntityDescription-SYNCPrimaryKey (from `.`)

EXTERNAL SOURCES:
  NSEntityDescription-SYNCPrimaryKey:
    :path: "."

SPEC CHECKSUMS:
  DATAStack: f38d3fa8405fdb84066241c7d3215a5e056c5691
  NSEntityDescription-SYNCPrimaryKey: 8f3024bddb098157b08710dc29a011e9948c5ed8
  NSString-HYPNetworking: d4cc1047b85a02bdadd90c51b5d497e07d812efc

PODFILE CHECKSUM: 1764c07485adb3ffa232ebbf86f0ba284f6fa4d4

COCOAPODS: 1.0.1
